
Microsoft Visual Studio Solution File, Format Version 12.00
# Visual Studio Version 16
VisualStudioVersion = 16.0.32602.290
MinimumVisualStudioVersion = 10.0.40219.1
Project("{FAE04EC0-301F-11D3-BF4B-00C04F79EFBC}") = "ejercicio1", "ejercicio1.csproj", "{35A214A9-4177-4089-8665-F9D43F007E87}"
EndProject
Global
	GlobalSection(SolutionConfigurationPlatforms) = preSolution
		Debug|Any CPU = Debug|Any CPU
		Release|Any CPU = Release|Any CPU
	EndGlobalSection
	GlobalSection(ProjectConfigurationPlatforms) = postSolution
		{35A214A9-4177-4089-8665-F9D43F007E87}.Debug|Any CPU.ActiveCfg = Debug|Any CPU
		{35A214A9-4177-4089-8665-F9D43F007E87}.Debug|Any CPU.Build.0 = Debug|Any CPU
		{35A214A9-4177-4089-8665-F9D43F007E87}.Release|Any CPU.ActiveCfg = Release|Any CPU
		{35A214A9-4177-4089-8665-F9D43F007E87}.Release|Any CPU.Build.0 = Release|Any CPU
	EndGlobalSection
	GlobalSection(SolutionProperties) = preSolution
		HideSolutionNode = FALSE
	EndGlobalSection
	GlobalSection(ExtensibilityGlobals) = postSolution
		SolutionGuid = {49283815-9AE4-4383-9064-A56B81CCA8B9}
	EndGlobalSection
EndGlobal
